// !$*UTF8*$!
{
	archiveVersion = 1;
	classes = {
	};
	objectVersion = 56;
	objects = {

/* Begin PBXBuildFile section */
		9061D8CA28DF6FC100B6CEF1 /* AppDelegate.swift in Sources */ = {isa = PBXBuildFile; fileRef = 9061D8C928DF6FC100B6CEF1 /* AppDelegate.swift */; };
		9061D8CC28DF6FC100B6CEF1 /* SceneDelegate.swift in Sources */ = {isa = PBXBuildFile; fileRef = 9061D8CB28DF6FC100B6CEF1 /* SceneDelegate.swift */; };
		9061D8CE28DF6FC100B6CEF1 /* ViewController.swift in Sources */ = {isa = PBXBuildFile; fileRef = 9061D8CD28DF6FC100B6CEF1 /* ViewController.swift */; };
		9061D8D128DF6FC100B6CEF1 /* Main.storyboard in Resources */ = {isa = PBXBuildFile; fileRef = 9061D8CF28DF6FC100B6CEF1 /* Main.storyboard */; };
		9061D8D428DF6FC100B6CEF1 /* NavigationBarItem.xcdatamodeld in Sources */ = {isa = PBXBuildFile; fileRef = 9061D8D228DF6FC100B6CEF1 /* NavigationBarItem.xcdatamodeld */; };
		9061D8D628DF6FC300B6CEF1 /* Assets.xcassets in Resources */ = {isa = PBXBuildFile; fileRef = 9061D8D528DF6FC300B6CEF1 /* Assets.xcassets */; };
		9061D8D928DF6FC300B6CEF1 /* LaunchScreen.storyboard in Resources */ = {isa = PBXBuildFile; fileRef = 9061D8D728DF6FC300B6CEF1 /* LaunchScreen.storyboard */; };
		9061D8E428DF6FC300B6CEF1 /* NavigationBarItemTests.swift in Sources */ = {isa = PBXBuildFile; fileRef = 9061D8E328DF6FC300B6CEF1 /* NavigationBarItemTests.swift */; };
		9061D8EE28DF6FC300B6CEF1 /* NavigationBarItemUITests.swift in Sources */ = {isa = PBXBuildFile; fileRef = 9061D8ED28DF6FC300B6CEF1 /* NavigationBarItemUITests.swift */; };
		9061D8F028DF6FC300B6CEF1 /* NavigationBarItemUITestsLaunchTests.swift in Sources */ = {isa = PBXBuildFile; fileRef = 9061D8EF28DF6FC300B6CEF1 /* NavigationBarItemUITestsLaunchTests.swift */; };
/* End PBXBuildFile section */

/* Begin PBXContainerItemProxy section */
		9061D8E028DF6FC300B6CEF1 /* PBXContainerItemProxy */ = {
			isa = PBXContainerItemProxy;
			containerPortal = 9061D8BE28DF6FC100B6CEF1 /* Project object */;
			proxyType = 1;
			remoteGlobalIDString = 9061D8C528DF6FC100B6CEF1;
			remoteInfo = NavigationBarItem;
		};
		9061D8EA28DF6FC300B6CEF1 /* PBXContainerItemProxy */ = {
			isa = PBXContainerItemProxy;
			containerPortal = 9061D8BE28DF6FC100B6CEF1 /* Project object */;
			proxyType = 1;
			remoteGlobalIDString = 9061D8C528DF6FC100B6CEF1;
			remoteInfo = NavigationBarItem;
		};
/* End PBXContainerItemProxy section */

/* Begin PBXFileReference section */
		9061D8C628DF6FC100B6CEF1 /* NavigationBarItem.app */ = {isa = PBXFileReference; explicitFileType = wrapper.application; includeInIndex = 0; path = NavigationBarItem.app; sourceTree = BUILT_PRODUCTS_DIR; };
		9061D8C928DF6FC100B6CEF1 /* AppDelegate.swift */ = {isa = PBXFileReference; lastKnownFileType = sourcecode.swift; path = AppDelegate.swift; sourceTree = "<group>"; };
		9061D8CB28DF6FC100B6CEF1 /* SceneDelegate.swift */ = {isa = PBXFileReference; lastKnownFileType = sourcecode.swift; path = SceneDelegate.swift; sourceTree = "<group>"; };
		9061D8CD28DF6FC100B6CEF1 /* ViewController.swift */ = {isa = PBXFileReference; lastKnownFileType = sourcecode.swift; path = ViewController.swift; sourceTree = "<group>"; };
		9061D8D028DF6FC100B6CEF1 /* Base */ = {isa = PBXFileReference; lastKnownFileType = file.storyboard; name = Base; path = Base.lproj/Main.storyboard; sourceTree = "<group>"; };
		9061D8D328DF6FC100B6CEF1 /* NavigationBarItem.xcdatamodel */ = {isa = PBXFileReference; lastKnownFileType = wrapper.xcdatamodel; path = NavigationBarItem.xcdatamodel; sourceTree = "<group>"; };
		9061D8D528DF6FC300B6CEF1 /* Assets.xcassets */ = {isa = PBXFileReference; lastKnownFileType = folder.assetcatalog; path = Assets.xcassets; sourceTree = "<group>"; };
		9061D8D828DF6FC300B6CEF1 /* Base */ = {isa = PBXFileReference; lastKnownFileType = file.storyboard; name = Base; path = Base.lproj/LaunchScreen.storyboard; sourceTree = "<group>"; };
		9061D8DA28DF6FC300B6CEF1 /* Info.plist */ = {isa = PBXFileReference; lastKnownFileType = text.plist.xml; path = Info.plist; sourceTree = "<group>"; };
		9061D8DF28DF6FC300B6CEF1 /* NavigationBarItemTests.xctest */ = {isa = PBXFileReference; explicitFileType = wrapper.cfbundle; includeInIndex = 0; path = NavigationBarItemTests.xctest; sourceTree = BUILT_PRODUCTS_DIR; };
		9061D8E328DF6FC300B6CEF1 /* NavigationBarItemTests.swift */ = {isa = PBXFileReference; lastKnownFileType = sourcecode.swift; path = NavigationBarItemTests.swift; sourceTree = "<group>"; };
		9061D8E928DF6FC300B6CEF1 /* NavigationBarItemUITests.xctest */ = {isa = PBXFileReference; explicitFileType = wrapper.cfbundle; includeInIndex = 0; path = NavigationBarItemUITests.xctest; sourceTree = BUILT_PRODUCTS_DIR; };
		9061D8ED28DF6FC300B6CEF1 /* NavigationBarItemUITests.swift */ = {isa = PBXFileReference; lastKnownFileType = sourcecode.swift; path = NavigationBarItemUITests.swift; sourceTree = "<group>"; };
		9061D8EF28DF6FC300B6CEF1 /* NavigationBarItemUITestsLaunchTests.swift */ = {isa = PBXFileReference; lastKnownFileType = sourcecode.swift; path = NavigationBarItemUITestsLaunchTests.swift; sourceTree = "<group>"; };
/* End PBXFileReference section */

/* Begin PBXFrameworksBuildPhase section */
		9061D8C328DF6FC100B6CEF1 /* Frameworks */ = {
			isa = PBXFrameworksBuildPhase;
			buildActionMask = 2147483647;
			files = (
			);
			runOnlyForDeploymentPostprocessing = 0;
		};
		9061D8DC28DF6FC300B6CEF1 /* Frameworks */ = {
			isa = PBXFrameworksBuildPhase;
			buildActionMask = 2147483647;
			files = (
			);
			runOnlyForDeploymentPostprocessing = 0;
		};
		9061D8E628DF6FC300B6CEF1 /* Frameworks */ = {
			isa = PBXFrameworksBuildPhase;
			buildActionMask = 2147483647;
			files = (
			);
			runOnlyForDeploymentPostprocessing = 0;
		};
/* End PBXFrameworksBuildPhase section */

/* Begin PBXGroup section */
		9061D8BD28DF6FC100B6CEF1 = {
			isa = PBXGroup;
			children = (
				9061D8C828DF6FC100B6CEF1 /* NavigationBarItem */,
				9061D8E228DF6FC300B6CEF1 /* NavigationBarItemTests */,
				9061D8EC28DF6FC300B6CEF1 /* NavigationBarItemUITests */,
				9061D8C728DF6FC100B6CEF1 /* Products */,
			);
			sourceTree = "<group>";
		};
		9061D8C728DF6FC100B6CEF1 /* Products */ = {
			isa = PBXGroup;
			children = (
				9061D8C628DF6FC100B6CEF1 /* NavigationBarItem.app */,
				9061D8DF28DF6FC300B6CEF1 /* NavigationBarItemTests.xctest */,
				9061D8E928DF6FC300B6CEF1 /* NavigationBarItemUITests.xctest */,
			);
			name = Products;
			sourceTree = "<group>";
		};
		9061D8C828DF6FC100B6CEF1 /* NavigationBarItem */ = {
			isa = PBXGroup;
			children = (
				9061D8C928DF6FC100B6CEF1 /* AppDelegate.swift */,
				9061D8CB28DF6FC100B6CEF1 /* SceneDelegate.swift */,
				9061D8CD28DF6FC100B6CEF1 /* ViewController.swift */,
				9061D8CF28DF6FC100B6CEF1 /* Main.storyboard */,
				9061D8D528DF6FC300B6CEF1 /* Assets.xcassets */,
				9061D8D728DF6FC300B6CEF1 /* LaunchScreen.storyboard */,
				9061D8DA28DF6FC300B6CEF1 /* Info.plist */,
				9061D8D228DF6FC100B6CEF1 /* NavigationBarItem.xcdatamodeld */,
			);
			path = NavigationBarItem;
			sourceTree = "<group>";
		};
		9061D8E228DF6FC300B6CEF1 /* NavigationBarItemTests */ = {
			isa = PBXGroup;
			children = (
				9061D8E328DF6FC300B6CEF1 /* NavigationBarItemTests.swift */,
			);
			path = NavigationBarItemTests;
			sourceTree = "<group>";
		};
		9061D8EC28DF6FC300B6CEF1 /* NavigationBarItemUITests */ = {
			isa = PBXGroup;
			children = (
				9061D8ED28DF6FC300B6CEF1 /* NavigationBarItemUITests.swift */,
				9061D8EF28DF6FC300B6CEF1 /* NavigationBarItemUITestsLaunchTests.swift */,
			);
			path = NavigationBarItemUITests;
			sourceTree = "<group>";
		};
/* End PBXGroup section */

/* Begin PBXNativeTarget section */
		9061D8C528DF6FC100B6CEF1 /* NavigationBarItem */ = {
			isa = PBXNativeTarget;
			buildConfigurationList = 9061D8F328DF6FC300B6CEF1 /* Build configuration list for PBXNativeTarget "NavigationBarItem" */;
			buildPhases = (
				9061D8C228DF6FC100B6CEF1 /* Sources */,
				9061D8C328DF6FC100B6CEF1 /* Frameworks */,
				9061D8C428DF6FC100B6CEF1 /* Resources */,
			);
			buildRules = (
			);
			dependencies = (
			);
			name = NavigationBarItem;
			productName = NavigationBarItem;
			productReference = 9061D8C628DF6FC100B6CEF1 /* NavigationBarItem.app */;
			productType = "com.apple.product-type.application";
		};
		9061D8DE28DF6FC300B6CEF1 /* NavigationBarItemTests */ = {
			isa = PBXNativeTarget;
			buildConfigurationList = 9061D8F628DF6FC300B6CEF1 /* Build configuration list for PBXNativeTarget "NavigationBarItemTests" */;
			buildPhases = (
				9061D8DB28DF6FC300B6CEF1 /* Sources */,
				9061D8DC28DF6FC300B6CEF1 /* Frameworks */,
				9061D8DD28DF6FC300B6CEF1 /* Resources */,
			);
			buildRules = (
			);
			dependencies = (
				9061D8E128DF6FC300B6CEF1 /* PBXTargetDependency */,
			);
			name = NavigationBarItemTests;
			productName = NavigationBarItemTests;
			productReference = 9061D8DF28DF6FC300B6CEF1 /* NavigationBarItemTests.xctest */;
			productType = "com.apple.product-type.bundle.unit-test";
		};
		9061D8E828DF6FC300B6CEF1 /* NavigationBarItemUITests */ = {
			isa = PBXNativeTarget;
			buildConfigurationList = 9061D8F928DF6FC300B6CEF1 /* Build configuration list for PBXNativeTarget "NavigationBarItemUITests" */;
			buildPhases = (
				9061D8E528DF6FC300B6CEF1 /* Sources */,
				9061D8E628DF6FC300B6CEF1 /* Frameworks */,
				9061D8E728DF6FC300B6CEF1 /* Resources */,
			);
			buildRules = (
			);
			dependencies = (
				9061D8EB28DF6FC300B6CEF1 /* PBXTargetDependency */,
			);
			name = NavigationBarItemUITests;
			productName = NavigationBarItemUITests;
			productReference = 9061D8E928DF6FC300B6CEF1 /* NavigationBarItemUITests.xctest */;
			productType = "com.apple.product-type.bundle.ui-testing";
		};
/* End PBXNativeTarget section */

/* Begin PBXProject section */
		9061D8BE28DF6FC100B6CEF1 /* Project object */ = {
			isa = PBXProject;
			attributes = {
				BuildIndependentTargetsInParallel = 1;
				LastSwiftUpdateCheck = 1400;
				LastUpgradeCheck = 1400;
				TargetAttributes = {
					9061D8C528DF6FC100B6CEF1 = {
						CreatedOnToolsVersion = 14.0;
					};
					9061D8DE28DF6FC300B6CEF1 = {
						CreatedOnToolsVersion = 14.0;
						TestTargetID = 9061D8C528DF6FC100B6CEF1;
					};
					9061D8E828DF6FC300B6CEF1 = {
						CreatedOnToolsVersion = 14.0;
						TestTargetID = 9061D8C528DF6FC100B6CEF1;
					};
				};
			};
			buildConfigurationList = 9061D8C128DF6FC100B6CEF1 /* Build configuration list for PBXProject "NavigationBarItem" */;
			compatibilityVersion = "Xcode 14.0";
			developmentRegion = en;
			hasScannedForEncodings = 0;
			knownRegions = (
				en,
				Base,
			);
			mainGroup = 9061D8BD28DF6FC100B6CEF1;
			productRefGroup = 9061D8C728DF6FC100B6CEF1 /* Products */;
			projectDirPath = "";
			projectRoot = "";
			targets = (
				9061D8C528DF6FC100B6CEF1 /* NavigationBarItem */,
				9061D8DE28DF6FC300B6CEF1 /* NavigationBarItemTests */,
				9061D8E828DF6FC300B6CEF1 /* NavigationBarItemUITests */,
			);
		};
/* End PBXProject section */

/* Begin PBXResourcesBuildPhase section */
		9061D8C428DF6FC100B6CEF1 /* Resources */ = {
			isa = PBXResourcesBuildPhase;
			buildActionMask = 2147483647;
			files = (
				9061D8D928DF6FC300B6CEF1 /* LaunchScreen.storyboard in Resources */,
				9061D8D628DF6FC300B6CEF1 /* Assets.xcassets in Resources */,
				9061D8D128DF6FC100B6CEF1 /* Main.storyboard in Resources */,
			);
			runOnlyForDeploymentPostprocessing = 0;
		};
		9061D8DD28DF6FC300B6CEF1 /* Resources */ = {
			isa = PBXResourcesBuildPhase;
			buildActionMask = 2147483647;
			files = (
			);
			runOnlyForDeploymentPostprocessing = 0;
		};
		9061D8E728DF6FC300B6CEF1 /* Resources */ = {
			isa = PBXResourcesBuildPhase;
			buildActionMask = 2147483647;
			files = (
			);
			runOnlyForDeploymentPostprocessing = 0;
		};
/* End PBXResourcesBuildPhase section */

/* Begin PBXSourcesBuildPhase section */
		9061D8C228DF6FC100B6CEF1 /* Sources */ = {
			isa = PBXSourcesBuildPhase;
			buildActionMask = 2147483647;
			files = (
				9061D8CE28DF6FC100B6CEF1 /* ViewController.swift in Sources */,
				9061D8CA28DF6FC100B6CEF1 /* AppDelegate.swift in Sources */,
				9061D8D428DF6FC100B6CEF1 /* NavigationBarItem.xcdatamodeld in Sources */,
				9061D8CC28DF6FC100B6CEF1 /* SceneDelegate.swift in Sources */,
			);
			runOnlyForDeploymentPostprocessing = 0;
		};
		9061D8DB28DF6FC300B6CEF1 /* Sources */ = {
			isa = PBXSourcesBuildPhase;
			buildActionMask = 2147483647;
			files = (
				9061D8E428DF6FC300B6CEF1 /* NavigationBarItemTests.swift in Sources */,
			);
			runOnlyForDeploymentPostprocessing = 0;
		};
		9061D8E528DF6FC300B6CEF1 /* Sources */ = {
			isa = PBXSourcesBuildPhase;
			buildActionMask = 2147483647;
			files = (
				9061D8EE28DF6FC300B6CEF1 /* NavigationBarItemUITests.swift in Sources */,
				9061D8F028DF6FC300B6CEF1 /* NavigationBarItemUITestsLaunchTests.swift in Sources */,
			);
			runOnlyForDeploymentPostprocessing = 0;
		};
/* End PBXSourcesBuildPhase section */

/* Begin PBXTargetDependency section */
		9061D8E128DF6FC300B6CEF1 /* PBXTargetDependency */ = {
			isa = PBXTargetDependency;
			target = 9061D8C528DF6FC100B6CEF1 /* NavigationBarItem */;
			targetProxy = 9061D8E028DF6FC300B6CEF1 /* PBXContainerItemProxy */;
		};
		9061D8EB28DF6FC300B6CEF1 /* PBXTargetDependency */ = {
			isa = PBXTargetDependency;
			target = 9061D8C528DF6FC100B6CEF1 /* NavigationBarItem */;
			targetProxy = 9061D8EA28DF6FC300B6CEF1 /* PBXContainerItemProxy */;
		};
/* End PBXTargetDependency section */

/* Begin PBXVariantGroup section */
		9061D8CF28DF6FC100B6CEF1 /* Main.storyboard */ = {
			isa = PBXVariantGroup;
			children = (
				9061D8D028DF6FC100B6CEF1 /* Base */,
			);
			name = Main.storyboard;
			sourceTree = "<group>";
		};
		9061D8D728DF6FC300B6CEF1 /* LaunchScreen.storyboard */ = {
			isa = PBXVariantGroup;
			children = (
				9061D8D828DF6FC300B6CEF1 /* Base */,
			);
			name = LaunchScreen.storyboard;
			sourceTree = "<group>";
		};
/* End PBXVariantGroup section */

/* Begin XCBuildConfiguration section */
		9061D8F128DF6FC300B6CEF1 /* Debug */ = {
			isa = XCBuildConfiguration;
			buildSettings = {
				ALWAYS_SEARCH_USER_PATHS = NO;
				CLANG_ANALYZER_NONNULL = YES;
				CLANG_ANALYZER_NUMBER_OBJECT_CONVERSION = YES_AGGRESSIVE;
				CLANG_CXX_LANGUAGE_STANDARD = "gnu++20";
				CLANG_ENABLE_MODULES = YES;
				CLANG_ENABLE_OBJC_ARC = YES;
				CLANG_ENABLE_OBJC_WEAK = YES;
				CLANG_WARN_BLOCK_CAPTURE_AUTORELEASING = YES;
				CLANG_WARN_BOOL_CONVERSION = YES;
				CLANG_WARN_COMMA = YES;
				CLANG_WARN_CONSTANT_CONVERSION = YES;
				CLANG_WARN_DEPRECATED_OBJC_IMPLEMENTATIONS = YES;
				CLANG_WARN_DIRECT_OBJC_ISA_USAGE = YES_ERROR;
				CLANG_WARN_DOCUMENTATION_COMMENTS = YES;
				CLANG_WARN_EMPTY_BODY = YES;
				CLANG_WARN_ENUM_CONVERSION = YES;
				CLANG_WARN_INFINITE_RECURSION = YES;
				CLANG_WARN_INT_CONVERSION = YES;
				CLANG_WARN_NON_LITERAL_NULL_CONVERSION = YES;
				CLANG_WARN_OBJC_IMPLICIT_RETAIN_SELF = YES;
				CLANG_WARN_OBJC_LITERAL_CONVERSION = YES;
				CLANG_WARN_OBJC_ROOT_CLASS = YES_ERROR;
				CLANG_WARN_QUOTED_INCLUDE_IN_FRAMEWORK_HEADER = YES;
				CLANG_WARN_RANGE_LOOP_ANALYSIS = YES;
				CLANG_WARN_STRICT_PROTOTYPES = YES;
				CLANG_WARN_SUSPICIOUS_MOVE = YES;
				CLANG_WARN_UNGUARDED_AVAILABILITY = YES_AGGRESSIVE;
				CLANG_WARN_UNREACHABLE_CODE = YES;
				CLANG_WARN__DUPLICATE_METHOD_MATCH = YES;
				COPY_PHASE_STRIP = NO;
				DEBUG_INFORMATION_FORMAT = dwarf;
				ENABLE_STRICT_OBJC_MSGSEND = YES;
				ENABLE_TESTABILITY = YES;
				GCC_C_LANGUAGE_STANDARD = gnu11;
				GCC_DYNAMIC_NO_PIC = NO;
				GCC_NO_COMMON_BLOCKS = YES;
				GCC_OPTIMIZATION_LEVEL = 0;
				GCC_PREPROCESSOR_DEFINITIONS = (
					"DEBUG=1",
					"$(inherited)",
				);
				GCC_WARN_64_TO_32_BIT_CONVERSION = YES;
				GCC_WARN_ABOUT_RETURN_TYPE = YES_ERROR;
				GCC_WARN_UNDECLARED_SELECTOR = YES;
				GCC_WARN_UNINITIALIZED_AUTOS = YES_AGGRESSIVE;
				GCC_WARN_UNUSED_FUNCTION = YES;
				GCC_WARN_UNUSED_VARIABLE = YES;
				IPHONEOS_DEPLOYMENT_TARGET = 16.0;
				MTL_ENABLE_DEBUG_INFO = INCLUDE_SOURCE;
				MTL_FAST_MATH = YES;
				ONLY_ACTIVE_ARCH = YES;
				SDKROOT = iphoneos;
				SWIFT_ACTIVE_COMPILATION_CONDITIONS = DEBUG;
				SWIFT_OPTIMIZATION_LEVEL = "-Onone";
			};
			name = Debug;
		};
		9061D8F228DF6FC300B6CEF1 /* Release */ = {
			isa = XCBuildConfiguration;
			buildSettings = {
				ALWAYS_SEARCH_USER_PATHS = NO;
				CLANG_ANALYZER_NONNULL = YES;
				CLANG_ANALYZER_NUMBER_OBJECT_CONVERSION = YES_AGGRESSIVE;
				CLANG_CXX_LANGUAGE_STANDARD = "gnu++20";
				CLANG_ENABLE_MODULES = YES;
				CLANG_ENABLE_OBJC_ARC = YES;
				CLANG_ENABLE_OBJC_WEAK = YES;
				CLANG_WARN_BLOCK_CAPTURE_AUTORELEASING = YES;
				CLANG_WARN_BOOL_CONVERSION = YES;
				CLANG_WARN_COMMA = YES;
				CLANG_WARN_CONSTANT_CONVERSION = YES;
				CLANG_WARN_DEPRECATED_OBJC_IMPLEMENTATIONS = YES;
				CLANG_WARN_DIRECT_OBJC_ISA_USAGE = YES_ERROR;
				CLANG_WARN_DOCUMENTATION_COMMENTS = YES;
				CLANG_WARN_EMPTY_BODY = YES;
				CLANG_WARN_ENUM_CONVERSION = YES;
				CLANG_WARN_INFINITE_RECURSION = YES;
				CLANG_WARN_INT_CONVERSION = YES;
				CLANG_WARN_NON_LITERAL_NULL_CONVERSION = YES;
				CLANG_WARN_OBJC_IMPLICIT_RETAIN_SELF = YES;
				CLANG_WARN_OBJC_LITERAL_CONVERSION = YES;
				CLANG_WARN_OBJC_ROOT_CLASS = YES_ERROR;
				CLANG_WARN_QUOTED_INCLUDE_IN_FRAMEWORK_HEADER = YES;
				CLANG_WARN_RANGE_LOOP_ANALYSIS = YES;
				CLANG_WARN_STRICT_PROTOTYPES = YES;
				CLANG_WARN_SUSPICIOUS_MOVE = YES;
				CLANG_WARN_UNGUARDED_AVAILABILITY = YES_AGGRESSIVE;
				CLANG_WARN_UNREACHABLE_CODE = YES;
				CLANG_WARN__DUPLICATE_METHOD_MATCH = YES;
				COPY_PHASE_STRIP = NO;
				DEBUG_INFORMATION_FORMAT = "dwarf-with-dsym";
				ENABLE_NS_ASSERTIONS = NO;
				ENABLE_STRICT_OBJC_MSGSEND = YES;
				GCC_C_LANGUAGE_STANDARD = gnu11;
				GCC_NO_COMMON_BLOCKS = YES;
				GCC_WARN_64_TO_32_BIT_CONVERSION = YES;
				GCC_WARN_ABOUT_RETURN_TYPE = YES_ERROR;
				GCC_WARN_UNDECLARED_SELECTOR = YES;
				GCC_WARN_UNINITIALIZED_AUTOS = YES_AGGRESSIVE;
				GCC_WARN_UNUSED_FUNCTION = YES;
				GCC_WARN_UNUSED_VARIABLE = YES;
				IPHONEOS_DEPLOYMENT_TARGET = 16.0;
				MTL_ENABLE_DEBUG_INFO = NO;
				MTL_FAST_MATH = YES;
				SDKROOT = iphoneos;
				SWIFT_COMPILATION_MODE = wholemodule;
				SWIFT_OPTIMIZATION_LEVEL = "-O";
				VALIDATE_PRODUCT = YES;
			};
			name = Release;
		};
		9061D8F428DF6FC300B6CEF1 /* Debug */ = {
			isa = XCBuildConfiguration;
			buildSettings = {
				ASSETCATALOG_COMPILER_APPICON_NAME = AppIcon;
				ASSETCATALOG_COMPILER_GLOBAL_ACCENT_COLOR_NAME = AccentColor;
				CODE_SIGN_STYLE = Automatic;
				CURRENT_PROJECT_VERSION = 1;
				DEVELOPMENT_TEAM = HQ2WX872R5;
				GENERATE_INFOPLIST_FILE = YES;
				INFOPLIST_FILE = NavigationBarItem/Info.plist;
				INFOPLIST_KEY_UIApplicationSupportsIndirectInputEvents = YES;
				INFOPLIST_KEY_UILaunchStoryboardName = LaunchScreen;
				INFOPLIST_KEY_UIMainStoryboardFile = Main;
				INFOPLIST_KEY_UISupportedInterfaceOrientations_iPad = "UIInterfaceOrientationPortrait UIInterfaceOrientationPortraitUpsideDown UIInterfaceOrientationLandscapeLeft UIInterfaceOrientationLandscapeRight";
				INFOPLIST_KEY_UISupportedInterfaceOrientations_iPhone = "UIInterfaceOrientationPortrait UIInterfaceOrientationLandscapeLeft UIInterfaceOrientationLandscapeRight";
				LD_RUNPATH_SEARCH_PATHS = (
					"$(inherited)",
					"@executable_path/Frameworks",
				);
				MARKETING_VERSION = 1.0;
				PRODUCT_BUNDLE_IDENTIFIER = "G11-JPS.NavigationBarItem";
				PRODUCT_NAME = "$(TARGET_NAME)";
				SWIFT_EMIT_LOC_STRINGS = YES;
				SWIFT_VERSION = 5.0;
				TARGETED_DEVICE_FAMILY = "1,2";
			};
			name = Debug;
		};
		9061D8F528DF6FC300B6CEF1 /* Release */ = {
			isa = XCBuildConfiguration;
			buildSettings = {
				ASSETCATALOG_COMPILER_APPICON_NAME = AppIcon;
				ASSETCATALOG_COMPILER_GLOBAL_ACCENT_COLOR_NAME = AccentColor;
				CODE_SIGN_STYLE = Automatic;
				CURRENT_PROJECT_VERSION = 1;
				DEVELOPMENT_TEAM = HQ2WX872R5;
				GENERATE_INFOPLIST_FILE = YES;
				INFOPLIST_FILE = NavigationBarItem/Info.plist;
				INFOPLIST_KEY_UIApplicationSupportsIndirectInputEvents = YES;
				INFOPLIST_KEY_UILaunchStoryboardName = LaunchScreen;
				INFOPLIST_KEY_UIMainStoryboardFile = Main;
				INFOPLIST_KEY_UISupportedInterfaceOrientations_iPad = "UIInterfaceOrientationPortrait UIInterfaceOrientationPortraitUpsideDown UIInterfaceOrientationLandscapeLeft UIInterfaceOrientationLandscapeRight";
				INFOPLIST_KEY_UISupportedInterfaceOrientations_iPhone = "UIInterfaceOrientationPortrait UIInterfaceOrientationLandscapeLeft UIInterfaceOrientationLandscapeRight";
				LD_RUNPATH_SEARCH_PATHS = (
					"$(inherited)",
					"@executable_path/Frameworks",
				);
				MARKETING_VERSION = 1.0;
				PRODUCT_BUNDLE_IDENTIFIER = "G11-JPS.NavigationBarItem";
				PRODUCT_NAME = "$(TARGET_NAME)";
				SWIFT_EMIT_LOC_STRINGS = YES;
				SWIFT_VERSION = 5.0;
				TARGETED_DEVICE_FAMILY = "1,2";
			};
			name = Release;
		};
		9061D8F728DF6FC300B6CEF1 /* Debug */ = {
			isa = XCBuildConfiguration;
			buildSettings = {
				ALWAYS_EMBED_SWIFT_STANDARD_LIBRARIES = YES;
				BUNDLE_LOADER = "$(TEST_HOST)";
				CODE_SIGN_STYLE = Automatic;
				CURRENT_PROJECT_VERSION = 1;
				DEVELOPMENT_TEAM = HQ2WX872R5;
				GENERATE_INFOPLIST_FILE = YES;
				IPHONEOS_DEPLOYMENT_TARGET = 16.0;
				MARKETING_VERSION = 1.0;
				PRODUCT_BUNDLE_IDENTIFIER = "G11-JPS.NavigationBarItemTests";
				PRODUCT_NAME = "$(TARGET_NAME)";
				SWIFT_EMIT_LOC_STRINGS = NO;
				SWIFT_VERSION = 5.0;
				TARGETED_DEVICE_FAMILY = "1,2";
				TEST_HOST = "$(BUILT_PRODUCTS_DIR)/NavigationBarItem.app/$(BUNDLE_EXECUTABLE_FOLDER_PATH)/NavigationBarItem";
			};
			name = Debug;
		};
		9061D8F828DF6FC300B6CEF1 /* Release */ = {
			isa = XCBuildConfiguration;
			buildSettings = {
				ALWAYS_EMBED_SWIFT_STANDARD_LIBRARIES = YES;
				BUNDLE_LOADER = "$(TEST_HOST)";
				CODE_SIGN_STYLE = Automatic;
				CURRENT_PROJECT_VERSION = 1;
				DEVELOPMENT_TEAM = HQ2WX872R5;
				GENERATE_INFOPLIST_FILE = YES;
				IPHONEOS_DEPLOYMENT_TARGET = 16.0;
				MARKETING_VERSION = 1.0;
				PRODUCT_BUNDLE_IDENTIFIER = "G11-JPS.NavigationBarItemTests";
				PRODUCT_NAME = "$(TARGET_NAME)";
				SWIFT_EMIT_LOC_STRINGS = NO;
				SWIFT_VERSION = 5.0;
				TARGETED_DEVICE_FAMILY = "1,2";
				TEST_HOST = "$(BUILT_PRODUCTS_DIR)/NavigationBarItem.app/$(BUNDLE_EXECUTABLE_FOLDER_PATH)/NavigationBarItem";
			};
			name = Release;
		};
		9061D8FA28DF6FC300B6CEF1 /* Debug */ = {
			isa = XCBuildConfiguration;
			buildSettings = {
				ALWAYS_EMBED_SWIFT_STANDARD_LIBRARIES = YES;
				CODE_SIGN_STYLE = Automatic;
				CURRENT_PROJECT_VERSION = 1;
				DEVELOPMENT_TEAM = HQ2WX872R5;
				GENERATE_INFOPLIST_FILE = YES;
				MARKETING_VERSION = 1.0;
				PRODUCT_BUNDLE_IDENTIFIER = "G11-JPS.NavigationBarItemUITests";
				PRODUCT_NAME = "$(TARGET_NAME)";
				SWIFT_EMIT_LOC_STRINGS = NO;
				SWIFT_VERSION = 5.0;
				TARGETED_DEVICE_FAMILY = "1,2";
				TEST_TARGET_NAME = NavigationBarItem;
			};
			name = Debug;
		};
		9061D8FB28DF6FC300B6CEF1 /* Release */ = {
			isa = XCBuildConfiguration;
			buildSettings = {
				ALWAYS_EMBED_SWIFT_STANDARD_LIBRARIES = YES;
				CODE_SIGN_STYLE = Automatic;
				CURRENT_PROJECT_VERSION = 1;
				DEVELOPMENT_TEAM = HQ2WX872R5;
				GENERATE_INFOPLIST_FILE = YES;
				MARKETING_VERSION = 1.0;
				PRODUCT_BUNDLE_IDENTIFIER = "G11-JPS.NavigationBarItemUITests";
				PRODUCT_NAME = "$(TARGET_NAME)";
				SWIFT_EMIT_LOC_STRINGS = NO;
				SWIFT_VERSION = 5.0;
				TARGETED_DEVICE_FAMILY = "1,2";
				TEST_TARGET_NAME = NavigationBarItem;
			};
			name = Release;
		};
/* End XCBuildConfiguration section */

/* Begin XCConfigurationList section */
		9061D8C128DF6FC100B6CEF1 /* Build configuration list for PBXProject "NavigationBarItem" */ = {
			isa = XCConfigurationList;
			buildConfigurations = (
				9061D8F128DF6FC300B6CEF1 /* Debug */,
				9061D8F228DF6FC300B6CEF1 /* Release */,
			);
			defaultConfigurationIsVisible = 0;
			defaultConfigurationName = Release;
		};
		9061D8F328DF6FC300B6CEF1 /* Build configuration list for PBXNativeTarget "NavigationBarItem" */ = {
			isa = XCConfigurationList;
			buildConfigurations = (
				9061D8F428DF6FC300B6CEF1 /* Debug */,
				9061D8F528DF6FC300B6CEF1 /* Release */,
			);
			defaultConfigurationIsVisible = 0;
			defaultConfigurationName = Release;
		};
		9061D8F628DF6FC300B6CEF1 /* Build configuration list for PBXNativeTarget "NavigationBarItemTests" */ = {
			isa = XCConfigurationList;
			buildConfigurations = (
				9061D8F728DF6FC300B6CEF1 /* Debug */,
				9061D8F828DF6FC300B6CEF1 /* Release */,
			);
			defaultConfigurationIsVisible = 0;
			defaultConfigurationName = Release;
		};
		9061D8F928DF6FC300B6CEF1 /* Build configuration list for PBXNativeTarget "NavigationBarItemUITests" */ = {
			isa = XCConfigurationList;
			buildConfigurations = (
				9061D8FA28DF6FC300B6CEF1 /* Debug */,
				9061D8FB28DF6FC300B6CEF1 /* Release */,
			);
			defaultConfigurationIsVisible = 0;
			defaultConfigurationName = Release;
		};
/* End XCConfigurationList section */

/* Begin XCVersionGroup section */
		9061D8D228DF6FC100B6CEF1 /* NavigationBarItem.xcdatamodeld */ = {
			isa = XCVersionGroup;
			children = (
				9061D8D328DF6FC100B6CEF1 /* NavigationBarItem.xcdatamodel */,
			);
			currentVersion = 9061D8D328DF6FC100B6CEF1 /* NavigationBarItem.xcdatamodel */;
			path = NavigationBarItem.xcdatamodeld;
			sourceTree = "<group>";
			versionGroupType = wrapper.xcdatamodel;
		};
/* End XCVersionGroup section */
	};
	rootObject = 9061D8BE28DF6FC100B6CEF1 /* Project object */;
}
